// !$*UTF8*$!
{
	archiveVersion = 1;
	classes = {
	};
	objectVersion = 46;
	objects = {

/* Begin PBXBuildFile section */
		EC8AC5B31CBB0923002E4FEA /* AppDelegate.swift in Sources */ = {isa = PBXBuildFile; fileRef = EC8AC5B21CBB0923002E4FEA /* AppDelegate.swift */; };
		EC8AC5B51CBB0923002E4FEA /* ViewController.swift in Sources */ = {isa = PBXBuildFile; fileRef = EC8AC5B41CBB0923002E4FEA /* ViewController.swift */; };
		EC8AC5B81CBB0923002E4FEA /* Main.storyboard in Resources */ = {isa = PBXBuildFile; fileRef = EC8AC5B61CBB0923002E4FEA /* Main.storyboard */; };
		EC8AC5BA1CBB0923002E4FEA /* Assets.xcassets in Resources */ = {isa = PBXBuildFile; fileRef = EC8AC5B91CBB0923002E4FEA /* Assets.xcassets */; };
		EC8AC5BD1CBB0923002E4FEA /* LaunchScreen.storyboard in Resources */ = {isa = PBXBuildFile; fileRef = EC8AC5BB1CBB0923002E4FEA /* LaunchScreen.storyboard */; };
		EC8AC5C81CBB0923002E4FEA /* Project_4Tests.swift in Sources */ = {isa = PBXBuildFile; fileRef = EC8AC5C71CBB0923002E4FEA /* Project_4Tests.swift */; };
		EC8AC5D31CBB0923002E4FEA /* Project_4UITests.swift in Sources */ = {isa = PBXBuildFile; fileRef = EC8AC5D21CBB0923002E4FEA /* Project_4UITests.swift */; };
/* End PBXBuildFile section */

/* Begin PBXContainerItemProxy section */
		EC8AC5C41CBB0923002E4FEA /* PBXContainerItemProxy */ = {
			isa = PBXContainerItemProxy;
			containerPortal = EC8AC5A71CBB0923002E4FEA /* Project object */;
			proxyType = 1;
			remoteGlobalIDString = EC8AC5AE1CBB0923002E4FEA;
			remoteInfo = "Project 4";
		};
		EC8AC5CF1CBB0923002E4FEA /* PBXContainerItemProxy */ = {
			isa = PBXContainerItemProxy;
			containerPortal = EC8AC5A71CBB0923002E4FEA /* Project object */;
			proxyType = 1;
			remoteGlobalIDString = EC8AC5AE1CBB0923002E4FEA;
			remoteInfo = "Project 4";
		};
/* End PBXContainerItemProxy section */

/* Begin PBXFileReference section */
		EC8AC5AF1CBB0923002E4FEA /* Project 4.app */ = {isa = PBXFileReference; explicitFileType = wrapper.application; includeInIndex = 0; path = "Project 4.app"; sourceTree = BUILT_PRODUCTS_DIR; };
		EC8AC5B21CBB0923002E4FEA /* AppDelegate.swift */ = {isa = PBXFileReference; lastKnownFileType = sourcecode.swift; path = AppDelegate.swift; sourceTree = "<group>"; };
		EC8AC5B41CBB0923002E4FEA /* ViewController.swift */ = {isa = PBXFileReference; lastKnownFileType = sourcecode.swift; path = ViewController.swift; sourceTree = "<group>"; };
		EC8AC5B71CBB0923002E4FEA /* Base */ = {isa = PBXFileReference; lastKnownFileType = file.storyboard; name = Base; path = Base.lproj/Main.storyboard; sourceTree = "<group>"; };
		EC8AC5B91CBB0923002E4FEA /* Assets.xcassets */ = {isa = PBXFileReference; lastKnownFileType = folder.assetcatalog; path = Assets.xcassets; sourceTree = "<group>"; };
		EC8AC5BC1CBB0923002E4FEA /* Base */ = {isa = PBXFileReference; lastKnownFileType = file.storyboard; name = Base; path = Base.lproj/LaunchScreen.storyboard; sourceTree = "<group>"; };
		EC8AC5BE1CBB0923002E4FEA /* Info.plist */ = {isa = PBXFileReference; lastKnownFileType = text.plist.xml; path = Info.plist; sourceTree = "<group>"; };
		EC8AC5C31CBB0923002E4FEA /* Project 4Tests.xctest */ = {isa = PBXFileReference; explicitFileType = wrapper.cfbundle; includeInIndex = 0; path = "Project 4Tests.xctest"; sourceTree = BUILT_PRODUCTS_DIR; };
		EC8AC5C71CBB0923002E4FEA /* Project_4Tests.swift */ = {isa = PBXFileReference; lastKnownFileType = sourcecode.swift; path = Project_4Tests.swift; sourceTree = "<group>"; };
		EC8AC5C91CBB0923002E4FEA /* Info.plist */ = {isa = PBXFileReference; lastKnownFileType = text.plist.xml; path = Info.plist; sourceTree = "<group>"; };
		EC8AC5CE1CBB0923002E4FEA /* Project 4UITests.xctest */ = {isa = PBXFileReference; explicitFileType = wrapper.cfbundle; includeInIndex = 0; path = "Project 4UITests.xctest"; sourceTree = BUILT_PRODUCTS_DIR; };
		EC8AC5D21CBB0923002E4FEA /* Project_4UITests.swift */ = {isa = PBXFileReference; lastKnownFileType = sourcecode.swift; path = Project_4UITests.swift; sourceTree = "<group>"; };
		EC8AC5D41CBB0923002E4FEA /* Info.plist */ = {isa = PBXFileReference; lastKnownFileType = text.plist.xml; path = Info.plist; sourceTree = "<group>"; };
/* End PBXFileReference section */

/* Begin PBXFrameworksBuildPhase section */
		EC8AC5AC1CBB0923002E4FEA /* Frameworks */ = {
			isa = PBXFrameworksBuildPhase;
			buildActionMask = 2147483647;
			files = (
			);
			runOnlyForDeploymentPostprocessing = 0;
		};
		EC8AC5C01CBB0923002E4FEA /* Frameworks */ = {
			isa = PBXFrameworksBuildPhase;
			buildActionMask = 2147483647;
			files = (
			);
			runOnlyForDeploymentPostprocessing = 0;
		};
		EC8AC5CB1CBB0923002E4FEA /* Frameworks */ = {
			isa = PBXFrameworksBuildPhase;
			buildActionMask = 2147483647;
			files = (
			);
			runOnlyForDeploymentPostprocessing = 0;
		};
/* End PBXFrameworksBuildPhase section */

/* Begin PBXGroup section */
		EC8AC5A61CBB0923002E4FEA = {
			isa = PBXGroup;
			children = (
				EC8AC5B11CBB0923002E4FEA /* Project 4 */,
				EC8AC5C61CBB0923002E4FEA /* Project 4Tests */,
				EC8AC5D11CBB0923002E4FEA /* Project 4UITests */,
				EC8AC5B01CBB0923002E4FEA /* Products */,
			);
			sourceTree = "<group>";
		};
		EC8AC5B01CBB0923002E4FEA /* Products */ = {
			isa = PBXGroup;
			children = (
				EC8AC5AF1CBB0923002E4FEA /* Project 4.app */,
				EC8AC5C31CBB0923002E4FEA /* Project 4Tests.xctest */,
				EC8AC5CE1CBB0923002E4FEA /* Project 4UITests.xctest */,
			);
			name = Products;
			sourceTree = "<group>";
		};
		EC8AC5B11CBB0923002E4FEA /* Project 4 */ = {
			isa = PBXGroup;
			children = (
				EC8AC5B21CBB0923002E4FEA /* AppDelegate.swift */,
				EC8AC5B41CBB0923002E4FEA /* ViewController.swift */,
				EC8AC5B61CBB0923002E4FEA /* Main.storyboard */,
				EC8AC5B91CBB0923002E4FEA /* Assets.xcassets */,
				EC8AC5BB1CBB0923002E4FEA /* LaunchScreen.storyboard */,
				EC8AC5BE1CBB0923002E4FEA /* Info.plist */,
			);
			path = "Project 4";
			sourceTree = "<group>";
		};
		EC8AC5C61CBB0923002E4FEA /* Project 4Tests */ = {
			isa = PBXGroup;
			children = (
				EC8AC5C71CBB0923002E4FEA /* Project_4Tests.swift */,
				EC8AC5C91CBB0923002E4FEA /* Info.plist */,
			);
			path = "Project 4Tests";
			sourceTree = "<group>";
		};
		EC8AC5D11CBB0923002E4FEA /* Project 4UITests */ = {
			isa = PBXGroup;
			children = (
				EC8AC5D21CBB0923002E4FEA /* Project_4UITests.swift */,
				EC8AC5D41CBB0923002E4FEA /* Info.plist */,
			);
			path = "Project 4UITests";
			sourceTree = "<group>";
		};
/* End PBXGroup section */

/* Begin PBXNativeTarget section */
		EC8AC5AE1CBB0923002E4FEA /* Project 4 */ = {
			isa = PBXNativeTarget;
			buildConfigurationList = EC8AC5D71CBB0923002E4FEA /* Build configuration list for PBXNativeTarget "Project 4" */;
			buildPhases = (
				EC8AC5AB1CBB0923002E4FEA /* Sources */,
				EC8AC5AC1CBB0923002E4FEA /* Frameworks */,
				EC8AC5AD1CBB0923002E4FEA /* Resources */,
			);
			buildRules = (
			);
			dependencies = (
			);
			name = "Project 4";
			productName = "Project 4";
			productReference = EC8AC5AF1CBB0923002E4FEA /* Project 4.app */;
			productType = "com.apple.product-type.application";
		};
		EC8AC5C21CBB0923002E4FEA /* Project 4Tests */ = {
			isa = PBXNativeTarget;
			buildConfigurationList = EC8AC5DA1CBB0923002E4FEA /* Build configuration list for PBXNativeTarget "Project 4Tests" */;
			buildPhases = (
				EC8AC5BF1CBB0923002E4FEA /* Sources */,
				EC8AC5C01CBB0923002E4FEA /* Frameworks */,
				EC8AC5C11CBB0923002E4FEA /* Resources */,
			);
			buildRules = (
			);
			dependencies = (
				EC8AC5C51CBB0923002E4FEA /* PBXTargetDependency */,
			);
			name = "Project 4Tests";
			productName = "Project 4Tests";
			productReference = EC8AC5C31CBB0923002E4FEA /* Project 4Tests.xctest */;
			productType = "com.apple.product-type.bundle.unit-test";
		};
		EC8AC5CD1CBB0923002E4FEA /* Project 4UITests */ = {
			isa = PBXNativeTarget;
			buildConfigurationList = EC8AC5DD1CBB0923002E4FEA /* Build configuration list for PBXNativeTarget "Project 4UITests" */;
			buildPhases = (
				EC8AC5CA1CBB0923002E4FEA /* Sources */,
				EC8AC5CB1CBB0923002E4FEA /* Frameworks */,
				EC8AC5CC1CBB0923002E4FEA /* Resources */,
			);
			buildRules = (
			);
			dependencies = (
				EC8AC5D01CBB0923002E4FEA /* PBXTargetDependency */,
			);
			name = "Project 4UITests";
			productName = "Project 4UITests";
			productReference = EC8AC5CE1CBB0923002E4FEA /* Project 4UITests.xctest */;
			productType = "com.apple.product-type.bundle.ui-testing";
		};
/* End PBXNativeTarget section */

/* Begin PBXProject section */
		EC8AC5A71CBB0923002E4FEA /* Project object */ = {
			isa = PBXProject;
			attributes = {
				LastSwiftUpdateCheck = 0730;
				LastUpgradeCheck = 0730;
				ORGANIZATIONNAME = "Emma Xu";
				TargetAttributes = {
					EC8AC5AE1CBB0923002E4FEA = {
						CreatedOnToolsVersion = 7.3;
					};
					EC8AC5C21CBB0923002E4FEA = {
						CreatedOnToolsVersion = 7.3;
						TestTargetID = EC8AC5AE1CBB0923002E4FEA;
					};
					EC8AC5CD1CBB0923002E4FEA = {
						CreatedOnToolsVersion = 7.3;
						TestTargetID = EC8AC5AE1CBB0923002E4FEA;
					};
				};
			};
			buildConfigurationList = EC8AC5AA1CBB0923002E4FEA /* Build configuration list for PBXProject "Project 4" */;
			compatibilityVersion = "Xcode 3.2";
			developmentRegion = English;
			hasScannedForEncodings = 0;
			knownRegions = (
				en,
				Base,
			);
			mainGroup = EC8AC5A61CBB0923002E4FEA;
			productRefGroup = EC8AC5B01CBB0923002E4FEA /* Products */;
			projectDirPath = "";
			projectRoot = "";
			targets = (
				EC8AC5AE1CBB0923002E4FEA /* Project 4 */,
				EC8AC5C21CBB0923002E4FEA /* Project 4Tests */,
				EC8AC5CD1CBB0923002E4FEA /* Project 4UITests */,
			);
		};
/* End PBXProject section */

/* Begin PBXResourcesBuildPhase section */
		EC8AC5AD1CBB0923002E4FEA /* Resources */ = {
			isa = PBXResourcesBuildPhase;
			buildActionMask = 2147483647;
			files = (
				EC8AC5BD1CBB0923002E4FEA /* LaunchScreen.storyboard in Resources */,
				EC8AC5BA1CBB0923002E4FEA /* Assets.xcassets in Resources */,
				EC8AC5B81CBB0923002E4FEA /* Main.storyboard in Resources */,
			);
			runOnlyForDeploymentPostprocessing = 0;
		};
		EC8AC5C11CBB0923002E4FEA /* Resources */ = {
			isa = PBXResourcesBuildPhase;
			buildActionMask = 2147483647;
			files = (
			);
			runOnlyForDeploymentPostprocessing = 0;
		};
		EC8AC5CC1CBB0923002E4FEA /* Resources */ = {
			isa = PBXResourcesBuildPhase;
			buildActionMask = 2147483647;
			files = (
			);
			runOnlyForDeploymentPostprocessing = 0;
		};
/* End PBXResourcesBuildPhase section */

/* Begin PBXSourcesBuildPhase section */
		EC8AC5AB1CBB0923002E4FEA /* Sources */ = {
			isa = PBXSourcesBuildPhase;
			buildActionMask = 2147483647;
			files = (
				EC8AC5B51CBB0923002E4FEA /* ViewController.swift in Sources */,
				EC8AC5B31CBB0923002E4FEA /* AppDelegate.swift in Sources */,
			);
			runOnlyForDeploymentPostprocessing = 0;
		};
		EC8AC5BF1CBB0923002E4FEA /* Sources */ = {
			isa = PBXSourcesBuildPhase;
			buildActionMask = 2147483647;
			files = (
				EC8AC5C81CBB0923002E4FEA /* Project_4Tests.swift in Sources */,
			);
			runOnlyForDeploymentPostprocessing = 0;
		};
		EC8AC5CA1CBB0923002E4FEA /* Sources */ = {
			isa = PBXSourcesBuildPhase;
			buildActionMask = 2147483647;
			files = (
				EC8AC5D31CBB0923002E4FEA /* Project_4UITests.swift in Sources */,
			);
			runOnlyForDeploymentPostprocessing = 0;
		};
/* End PBXSourcesBuildPhase section */

/* Begin PBXTargetDependency section */
		EC8AC5C51CBB0923002E4FEA /* PBXTargetDependency */ = {
			isa = PBXTargetDependency;
			target = EC8AC5AE1CBB0923002E4FEA /* Project 4 */;
			targetProxy = EC8AC5C41CBB0923002E4FEA /* PBXContainerItemProxy */;
		};
		EC8AC5D01CBB0923002E4FEA /* PBXTargetDependency */ = {
			isa = PBXTargetDependency;
			target = EC8AC5AE1CBB0923002E4FEA /* Project 4 */;
			targetProxy = EC8AC5CF1CBB0923002E4FEA /* PBXContainerItemProxy */;
		};
/* End PBXTargetDependency section */

/* Begin PBXVariantGroup section */
		EC8AC5B61CBB0923002E4FEA /* Main.storyboard */ = {
			isa = PBXVariantGroup;
			children = (
				EC8AC5B71CBB0923002E4FEA /* Base */,
			);
			name = Main.storyboard;
			sourceTree = "<group>";
		};
		EC8AC5BB1CBB0923002E4FEA /* LaunchScreen.storyboard */ = {
			isa = PBXVariantGroup;
			children = (
				EC8AC5BC1CBB0923002E4FEA /* Base */,
			);
			name = LaunchScreen.storyboard;
			sourceTree = "<group>";
		};
/* End PBXVariantGroup section */

/* Begin XCBuildConfiguration section */
		EC8AC5D51CBB0923002E4FEA /* Debug */ = {
			isa = XCBuildConfiguration;
			buildSettings = {
				ALWAYS_SEARCH_USER_PATHS = NO;
				CLANG_ANALYZER_NONNULL = YES;
				CLANG_CXX_LANGUAGE_STANDARD = "gnu++0x";
				CLANG_CXX_LIBRARY = "libc++";
				CLANG_ENABLE_MODULES = YES;
				CLANG_ENABLE_OBJC_ARC = YES;
				CLANG_WARN_BOOL_CONVERSION = YES;
				CLANG_WARN_CONSTANT_CONVERSION = YES;
				CLANG_WARN_DIRECT_OBJC_ISA_USAGE = YES_ERROR;
				CLANG_WARN_EMPTY_BODY = YES;
				CLANG_WARN_ENUM_CONVERSION = YES;
				CLANG_WARN_INT_CONVERSION = YES;
				CLANG_WARN_OBJC_ROOT_CLASS = YES_ERROR;
				CLANG_WARN_UNREACHABLE_CODE = YES;
				CLANG_WARN__DUPLICATE_METHOD_MATCH = YES;
				"CODE_SIGN_IDENTITY[sdk=iphoneos*]" = "iPhone Developer";
				COPY_PHASE_STRIP = NO;
				DEBUG_INFORMATION_FORMAT = dwarf;
				ENABLE_STRICT_OBJC_MSGSEND = YES;
				ENABLE_TESTABILITY = YES;
				GCC_C_LANGUAGE_STANDARD = gnu99;
				GCC_DYNAMIC_NO_PIC = NO;
				GCC_NO_COMMON_BLOCKS = YES;
				GCC_OPTIMIZATION_LEVEL = 0;
				GCC_PREPROCESSOR_DEFINITIONS = (
					"DEBUG=1",
					"$(inherited)",
				);
				GCC_WARN_64_TO_32_BIT_CONVERSION = YES;
				GCC_WARN_ABOUT_RETURN_TYPE = YES_ERROR;
				GCC_WARN_UNDECLARED_SELECTOR = YES;
				GCC_WARN_UNINITIALIZED_AUTOS = YES_AGGRESSIVE;
				GCC_WARN_UNUSED_FUNCTION = YES;
				GCC_WARN_UNUSED_VARIABLE = YES;
				IPHONEOS_DEPLOYMENT_TARGET = 9.3;
				MTL_ENABLE_DEBUG_INFO = YES;
				ONLY_ACTIVE_ARCH = YES;
				SDKROOT = iphoneos;
				SWIFT_OPTIMIZATION_LEVEL = "-Onone";
			};
			name = Debug;
		};
		EC8AC5D61CBB0923002E4FEA /* Release */ = {
			isa = XCBuildConfiguration;
			buildSettings = {
				ALWAYS_SEARCH_USER_PATHS = NO;
				CLANG_ANALYZER_NONNULL = YES;
				CLANG_CXX_LANGUAGE_STANDARD = "gnu++0x";
				CLANG_CXX_LIBRARY = "libc++";
				CLANG_ENABLE_MODULES = YES;
				CLANG_ENABLE_OBJC_ARC = YES;
				CLANG_WARN_BOOL_CONVERSION = YES;
				CLANG_WARN_CONSTANT_CONVERSION = YES;
				CLANG_WARN_DIRECT_OBJC_ISA_USAGE = YES_ERROR;
				CLANG_WARN_EMPTY_BODY = YES;
				CLANG_WARN_ENUM_CONVERSION = YES;
				CLANG_WARN_INT_CONVERSION = YES;
				CLANG_WARN_OBJC_ROOT_CLASS = YES_ERROR;
				CLANG_WARN_UNREACHABLE_CODE = YES;
				CLANG_WARN__DUPLICATE_METHOD_MATCH = YES;
				"CODE_SIGN_IDENTITY[sdk=iphoneos*]" = "iPhone Developer";
				COPY_PHASE_STRIP = NO;
				DEBUG_INFORMATION_FORMAT = "dwarf-with-dsym";
				ENABLE_NS_ASSERTIONS = NO;
				ENABLE_STRICT_OBJC_MSGSEND = YES;
				GCC_C_LANGUAGE_STANDARD = gnu99;
				GCC_NO_COMMON_BLOCKS = YES;
				GCC_WARN_64_TO_32_BIT_CONVERSION = YES;
				GCC_WARN_ABOUT_RETURN_TYPE = YES_ERROR;
				GCC_WARN_UNDECLARED_SELECTOR = YES;
				GCC_WARN_UNINITIALIZED_AUTOS = YES_AGGRESSIVE;
				GCC_WARN_UNUSED_FUNCTION = YES;
				GCC_WARN_UNUSED_VARIABLE = YES;
				IPHONEOS_DEPLOYMENT_TARGET = 9.3;
				MTL_ENABLE_DEBUG_INFO = NO;
				SDKROOT = iphoneos;
				VALIDATE_PRODUCT = YES;
			};
			name = Release;
		};
		EC8AC5D81CBB0923002E4FEA /* Debug */ = {
			isa = XCBuildConfiguration;
			buildSettings = {
				ASSETCATALOG_COMPILER_APPICON_NAME = AppIcon;
				INFOPLIST_FILE = "Project 4/Info.plist";
				LD_RUNPATH_SEARCH_PATHS = "$(inherited) @executable_path/Frameworks";
				PRODUCT_BUNDLE_IDENTIFIER = "CUAppDev.Project-4";
				PRODUCT_NAME = "$(TARGET_NAME)";
			};
			name = Debug;
		};
		EC8AC5D91CBB0923002E4FEA /* Release */ = {
			isa = XCBuildConfiguration;
			buildSettings = {
				ASSETCATALOG_COMPILER_APPICON_NAME = AppIcon;
				INFOPLIST_FILE = "Project 4/Info.plist";
				LD_RUNPATH_SEARCH_PATHS = "$(inherited) @executable_path/Frameworks";
				PRODUCT_BUNDLE_IDENTIFIER = "CUAppDev.Project-4";
				PRODUCT_NAME = "$(TARGET_NAME)";
			};
			name = Release;
		};
		EC8AC5DB1CBB0923002E4FEA /* Debug */ = {
			isa = XCBuildConfiguration;
			buildSettings = {
				BUNDLE_LOADER = "$(TEST_HOST)";
				INFOPLIST_FILE = "Project 4Tests/Info.plist";
				LD_RUNPATH_SEARCH_PATHS = "$(inherited) @executable_path/Frameworks @loader_path/Frameworks";
				PRODUCT_BUNDLE_IDENTIFIER = "CUAppDev.Project-4Tests";
				PRODUCT_NAME = "$(TARGET_NAME)";
				TEST_HOST = "$(BUILT_PRODUCTS_DIR)/Project 4.app/Project 4";
			};
			name = Debug;
		};
		EC8AC5DC1CBB0923002E4FEA /* Release */ = {
			isa = XCBuildConfiguration;
			buildSettings = {
				BUNDLE_LOADER = "$(TEST_HOST)";
				INFOPLIST_FILE = "Project 4Tests/Info.plist";
				LD_RUNPATH_SEARCH_PATHS = "$(inherited) @executable_path/Frameworks @loader_path/Frameworks";
				PRODUCT_BUNDLE_IDENTIFIER = "CUAppDev.Project-4Tests";
				PRODUCT_NAME = "$(TARGET_NAME)";
				TEST_HOST = "$(BUILT_PRODUCTS_DIR)/Project 4.app/Project 4";
			};
			name = Release;
		};
		EC8AC5DE1CBB0923002E4FEA /* Debug */ = {
			isa = XCBuildConfiguration;
			buildSettings = {
				INFOPLIST_FILE = "Project 4UITests/Info.plist";
				LD_RUNPATH_SEARCH_PATHS = "$(inherited) @executable_path/Frameworks @loader_path/Frameworks";
				PRODUCT_BUNDLE_IDENTIFIER = "CUAppDev.Project-4UITests";
				PRODUCT_NAME = "$(TARGET_NAME)";
				TEST_TARGET_NAME = "Project 4";
			};
			name = Debug;
		};
		EC8AC5DF1CBB0923002E4FEA /* Release */ = {
			isa = XCBuildConfiguration;
			buildSettings = {
				INFOPLIST_FILE = "Project 4UITests/Info.plist";
				LD_RUNPATH_SEARCH_PATHS = "$(inherited) @executable_path/Frameworks @loader_path/Frameworks";
				PRODUCT_BUNDLE_IDENTIFIER = "CUAppDev.Project-4UITests";
				PRODUCT_NAME = "$(TARGET_NAME)";
				TEST_TARGET_NAME = "Project 4";
			};
			name = Release;
		};
/* End XCBuildConfiguration section */

/* Begin XCConfigurationList section */
		EC8AC5AA1CBB0923002E4FEA /* Build configuration list for PBXProject "Project 4" */ = {
			isa = XCConfigurationList;
			buildConfigurations = (
				EC8AC5D51CBB0923002E4FEA /* Debug */,
				EC8AC5D61CBB0923002E4FEA /* Release */,
			);
			defaultConfigurationIsVisible = 0;
			defaultConfigurationName = Release;
		};
		EC8AC5D71CBB0923002E4FEA /* Build configuration list for PBXNativeTarget "Project 4" */ = {
			isa = XCConfigurationList;
			buildConfigurations = (
				EC8AC5D81CBB0923002E4FEA /* Debug */,
				EC8AC5D91CBB0923002E4FEA /* Release */,
			);
			defaultConfigurationIsVisible = 0;
		};
		EC8AC5DA1CBB0923002E4FEA /* Build configuration list for PBXNativeTarget "Project 4Tests" */ = {
			isa = XCConfigurationList;
			buildConfigurations = (
				EC8AC5DB1CBB0923002E4FEA /* Debug */,
				EC8AC5DC1CBB0923002E4FEA /* Release */,
			);
			defaultConfigurationIsVisible = 0;
		};
		EC8AC5DD1CBB0923002E4FEA /* Build configuration list for PBXNativeTarget "Project 4UITests" */ = {
			isa = XCConfigurationList;
			buildConfigurations = (
				EC8AC5DE1CBB0923002E4FEA /* Debug */,
				EC8AC5DF1CBB0923002E4FEA /* Release */,
			);
			defaultConfigurationIsVisible = 0;
		};
/* End XCConfigurationList section */
	};
	rootObject = EC8AC5A71CBB0923002E4FEA /* Project object */;
}
